# THIS IS AN AUTOGENERATED FILE. DO NOT EDIT THIS FILE DIRECTLY.
# yarn lockfile v1


"@react-native/normalize-colors@*":
  version "0.72.0"
  resolved "https://registry.yarnpkg.com/@react-native/normalize-colors/-/normalize-colors-0.72.0.tgz#14294b7ed3c1d92176d2a00df48456e8d7d62212"
  integrity sha512-285lfdqSXaqKuBbbtP9qL2tDrfxdOFtIMvkKadtleRQkdOxx+uzGvFr82KHmc/sSiMtfXGp7JnFYWVh4sFl7Yw==

deprecated-react-native-prop-types@^4.0.0:
  version "4.0.0"
  resolved "https://registry.yarnpkg.com/deprecated-react-native-prop-types/-/deprecated-react-native-prop-types-4.0.0.tgz#544845e32f3220bc676f18c0b846d673399c45cb"
  integrity sha512-q0kk77qFPC4adlnZH7cv9lfbHALeaTkl7wT1uNERc+e0Os3KcBKKy1rVliTE8sfey6TP6OPzoIXpr9OPidvvHw==
  dependencies:
    "@react-native/normalize-colors" "*"
    invariant "*"
    prop-types "*"

invariant@*:
  version "2.2.4"
  resolved "https://registry.yarnpkg.com/invariant/-/invariant-2.2.4.tgz#610f3c92c9359ce1db616e538008d23ff35158e6"
  integrity sha512-phJfQVBuaJM5raOpJjSfkiD6BpbCE4Ns//LaXl6wGYtUBY83nWS6Rf9tXm2e8VaK60JEjYldbPif/A2B1C2gNA==
  dependencies:
    loose-envify "^1.0.0"

"js-tokens@^3.0.0 || ^4.0.0":
  version "4.0.0"
  resolved "http://registry.npm.taobao.org/js-tokens/download/js-tokens-4.0.0.tgz#19203fb59991df98e3a287050d4647cdeaf32499"

loose-envify@^1.0.0, loose-envify@^1.1.0, loose-envify@^1.4.0:
  version "1.4.0"
  resolved "http://registry.npm.taobao.org/loose-envify/download/loose-envify-1.4.0.tgz#71ee51fa7be4caec1a63839f7e682d8132d30caf"
  dependencies:
    js-tokens "^3.0.0 || ^4.0.0"

object-assign@^4.1.1:
  version "4.1.1"
  resolved "http://registry.npm.taobao.org/object-assign/download/object-assign-4.1.1.tgz#2109adc7965887cfc05cbbd442cac8bfbb360863"

prop-types@*:
  version "15.8.1"
  resolved "https://registry.yarnpkg.com/prop-types/-/prop-types-15.8.1.tgz#67d87bf1a694f48435cf332c24af10214a3140b5"
  integrity sha512-oj87CgZICdulUohogVAR7AjlC0327U4el4L6eAvOqCeudMDVU0NThNaV+b9Df4dXgSP1gXMTnPdhfe/2qDH5cg==
  dependencies:
    loose-envify "^1.4.0"
    object-assign "^4.1.1"
    react-is "^16.13.1"

prop-types@^15.5.10, prop-types@^15.6.2:
  version "15.7.2"
  resolved "http://registry.npm.taobao.org/prop-types/download/prop-types-15.7.2.tgz?cache=0&other_urls=http%3A%2F%2Fregistry.npm.taobao.org%2Fprop-types%2Fdownload%2Fprop-types-15.7.2.tgz#52c41e75b8c87e72b9d9360e0206b99dcbffa6c5"
  dependencies:
    loose-envify "^1.4.0"
    object-assign "^4.1.1"
    react-is "^16.8.1"

react-is@^16.13.1:
  version "16.13.1"
  resolved "https://registry.yarnpkg.com/react-is/-/react-is-16.13.1.tgz#789729a4dc36de2999dc156dd6c1d9c18cea56a4"
  integrity sha512-24e6ynE2H+OKt4kqsOvNd8kBpV65zoxbA4BVsEOB3ARVWQki/DHzaUoC5KuON/BiccDaCCTZBuOcfZs70kR8bQ==

react-is@^16.8.1:
  version "16.8.6"
  resolved "http://registry.npm.taobao.org/react-is/download/react-is-16.8.6.tgz#5bbc1e2d29141c9fbdfed456343fe2bc430a6a16"

react@16.8.3:
  version "16.8.3"
  resolved "http://registry.npm.taobao.org/react/download/react-16.8.3.tgz?cache=0&other_urls=http%3A%2F%2Fregistry.npm.taobao.org%2Freact%2Fdownload%2Freact-16.8.3.tgz#c6f988a2ce895375de216edcfaedd6b9a76451d9"
  dependencies:
    loose-envify "^1.1.0"
    object-assign "^4.1.1"
    prop-types "^15.6.2"
    scheduler "^0.13.3"

scheduler@^0.13.3:
  version "0.13.6"
  resolved "http://registry.npm.taobao.org/scheduler/download/scheduler-0.13.6.tgz#466a4ec332467b31a91b9bf74e5347072e4cd889"
  dependencies:
    loose-envify "^1.1.0"
    object-assign "^4.1.1"
